
Microsoft Visual Studio Solution File, Format Version 12.00
# Visual Studio Version 16
VisualStudioVersion = 16.0.30611.23
MinimumVisualStudioVersion = 10.0.40219.1
Project("{FAE04EC0-301F-11D3-BF4B-00C04F79EFBC}") = "EjerciciosPropuestos_01_CondoriGutierrez", "EjerciciosPropuestos_01_CondoriGutierrez\EjerciciosPropuestos_01_CondoriGutierrez.csproj", "{A89DDC05-25DB-47DF-806E-53DB8E8A85C5}"
EndProject
Global
	GlobalSection(SolutionConfigurationPlatforms) = preSolution
		Debug|Any CPU = Debug|Any CPU
		Release|Any CPU = Release|Any CPU
	EndGlobalSection
	GlobalSection(ProjectConfigurationPlatforms) = postSolution
		{A89DDC05-25DB-47DF-806E-53DB8E8A85C5}.Debug|Any CPU.ActiveCfg = Debug|Any CPU
		{A89DDC05-25DB-47DF-806E-53DB8E8A85C5}.Debug|Any CPU.Build.0 = Debug|Any CPU
		{A89DDC05-25DB-47DF-806E-53DB8E8A85C5}.Release|Any CPU.ActiveCfg = Release|Any CPU
		{A89DDC05-25DB-47DF-806E-53DB8E8A85C5}.Release|Any CPU.Build.0 = Release|Any CPU
	EndGlobalSection
	GlobalSection(SolutionProperties) = preSolution
		HideSolutionNode = FALSE
	EndGlobalSection
	GlobalSection(ExtensibilityGlobals) = postSolution
		SolutionGuid = {847927AC-A112-4EF8-ABDC-72636567544A}
	EndGlobalSection
EndGlobal
